<Solution>
  <Configurations>
    <Platform Name="x64" />
    <Platform Name="x86" />
  </Configurations>
  <Project Path="Character/Character.vcxproj" />
  <Project Path="Homework3.3/Homework3.3.vcxproj" />
  <Project Path="Homework3.4/Homework3.4.vcxproj" />
  <Project Path="Homework3.5/Homework3.5.vcxproj" />
  <Project Path="Homework3/Homework3.vcxproj" />
</Solution>
